{
  "version": 4,
  "terraform_version": "0.14.9",
  "serial": 82,
  "lineage": "558e1378-2149-d0a3-2a70-61f4e35aefc3",
  "outputs": {},
  "resources": [
    {
      "mode": "managed",
      "type": "azurerm_network_interface",
      "name": "nic0",
      "provider": "provider[\"registry.terraform.io/hashicorp/azurerm\"]",
      "instances": [
        {
          "schema_version": 0,
          "attributes": {
            "applied_dns_servers": [],
            "dns_servers": [],
            "enable_accelerated_networking": false,
            "enable_ip_forwarding": false,
            "id": "/subscriptions/a9a3e424-d5c8-41ac-b417-d6d3d3f5bc83/resourceGroups/az104-04-rg1/providers/Microsoft.Network/networkInterfaces/nic0",
            "internal_dns_name_label": "",
            "internal_domain_name_suffix": "zojhrrm0p0nenkio5tj2lmsgtd.bx.internal.cloudapp.net",
            "ip_configuration": [
              {
                "name": "ip0",
                "primary": true,
                "private_ip_address": "10.40.0.4",
                "private_ip_address_allocation": "Static",
                "private_ip_address_version": "IPv4",
                "public_ip_address_id": "/subscriptions/a9a3e424-d5c8-41ac-b417-d6d3d3f5bc83/resourceGroups/az104-04-rg1/providers/Microsoft.Network/publicIPAddresses/publicIp0",
                "subnet_id": "/subscriptions/a9a3e424-d5c8-41ac-b417-d6d3d3f5bc83/resourceGroups/az104-04-rg1/providers/Microsoft.Network/virtualNetworks/az104-04-vnet1/subnets/subnet0"
              }
            ],
            "location": "eastus",
            "mac_address": "",
            "name": "nic0",
            "private_ip_address": "10.40.0.4",
            "private_ip_addresses": [
              "10.40.0.4"
            ],
            "resource_group_name": "az104-04-rg1",
            "tags": {},
            "timeouts": null,
            "virtual_machine_id": ""
          },
          "sensitive_attributes": [],
          "private": "eyJlMmJmYjczMC1lY2FhLTExZTYtOGY4OC0zNDM2M2JjN2M0YzAiOnsiY3JlYXRlIjoxODAwMDAwMDAwMDAwLCJkZWxldGUiOjE4MDAwMDAwMDAwMDAsInJlYWQiOjMwMDAwMDAwMDAwMCwidXBkYXRlIjoxODAwMDAwMDAwMDAwfX0=",
          "dependencies": [
            "azurerm_public_ip.publicIp0",
            "azurerm_resource_group.RsGrp",
            "azurerm_subnet.subnet0",
            "azurerm_virtual_network.Vnet"
          ]
        }
      ]
    },
    {
      "mode": "managed",
      "type": "azurerm_network_interface",
      "name": "nic1",
      "provider": "provider[\"registry.terraform.io/hashicorp/azurerm\"]",
      "instances": [
        {
          "schema_version": 0,
          "attributes": {
            "applied_dns_servers": [],
            "dns_servers": [],
            "enable_accelerated_networking": false,
            "enable_ip_forwarding": false,
            "id": "/subscriptions/a9a3e424-d5c8-41ac-b417-d6d3d3f5bc83/resourceGroups/az104-04-rg1/providers/Microsoft.Network/networkInterfaces/nic1",
            "internal_dns_name_label": "",
            "internal_domain_name_suffix": "zojhrrm0p0nenkio5tj2lmsgtd.bx.internal.cloudapp.net",
            "ip_configuration": [
              {
                "name": "ip1",
                "primary": true,
                "private_ip_address": "10.40.1.4",
                "private_ip_address_allocation": "Static",
                "private_ip_address_version": "IPv4",
                "public_ip_address_id": "/subscriptions/a9a3e424-d5c8-41ac-b417-d6d3d3f5bc83/resourceGroups/az104-04-rg1/providers/Microsoft.Network/publicIPAddresses/publicIp1",
                "subnet_id": "/subscriptions/a9a3e424-d5c8-41ac-b417-d6d3d3f5bc83/resourceGroups/az104-04-rg1/providers/Microsoft.Network/virtualNetworks/az104-04-vnet1/subnets/subnet1"
              }
            ],
            "location": "eastus",
            "mac_address": "",
            "name": "nic1",
            "private_ip_address": "10.40.1.4",
            "private_ip_addresses": [
              "10.40.1.4"
            ],
            "resource_group_name": "az104-04-rg1",
            "tags": {},
            "timeouts": null,
            "virtual_machine_id": ""
          },
          "sensitive_attributes": [],
          "private": "eyJlMmJmYjczMC1lY2FhLTExZTYtOGY4OC0zNDM2M2JjN2M0YzAiOnsiY3JlYXRlIjoxODAwMDAwMDAwMDAwLCJkZWxldGUiOjE4MDAwMDAwMDAwMDAsInJlYWQiOjMwMDAwMDAwMDAwMCwidXBkYXRlIjoxODAwMDAwMDAwMDAwfX0=",
          "dependencies": [
            "azurerm_public_ip.publicIp1",
            "azurerm_resource_group.RsGrp",
            "azurerm_subnet.subnet1",
            "azurerm_virtual_network.Vnet"
          ]
        }
      ]
    },
    {
      "mode": "managed",
      "type": "azurerm_network_interface_security_group_association",
      "name": "nsg_nic0",
      "provider": "provider[\"registry.terraform.io/hashicorp/azurerm\"]",
      "instances": [
        {
          "schema_version": 0,
          "attributes": {
            "id": "/subscriptions/a9a3e424-d5c8-41ac-b417-d6d3d3f5bc83/resourceGroups/az104-04-rg1/providers/Microsoft.Network/networkInterfaces/nic0|/subscriptions/a9a3e424-d5c8-41ac-b417-d6d3d3f5bc83/resourceGroups/az104-04-rg1/providers/Microsoft.Network/networkSecurityGroups/az104-04-nsg01",
            "network_interface_id": "/subscriptions/a9a3e424-d5c8-41ac-b417-d6d3d3f5bc83/resourceGroups/az104-04-rg1/providers/Microsoft.Network/networkInterfaces/nic0",
            "network_security_group_id": "/subscriptions/a9a3e424-d5c8-41ac-b417-d6d3d3f5bc83/resourceGroups/az104-04-rg1/providers/Microsoft.Network/networkSecurityGroups/az104-04-nsg01",
            "timeouts": null
          },
          "sensitive_attributes": [],
          "private": "eyJlMmJmYjczMC1lY2FhLTExZTYtOGY4OC0zNDM2M2JjN2M0YzAiOnsiY3JlYXRlIjoxODAwMDAwMDAwMDAwLCJkZWxldGUiOjE4MDAwMDAwMDAwMDAsInJlYWQiOjMwMDAwMDAwMDAwMCwidXBkYXRlIjoxODAwMDAwMDAwMDAwfX0=",
          "dependencies": [
            "azurerm_network_interface.nic0",
            "azurerm_network_security_group.nsg",
            "azurerm_public_ip.publicIp0",
            "azurerm_resource_group.RsGrp",
            "azurerm_subnet.subnet0",
            "azurerm_virtual_network.Vnet"
          ]
        }
      ]
    },
    {
      "mode": "managed",
      "type": "azurerm_network_interface_security_group_association",
      "name": "nsg_nic1",
      "provider": "provider[\"registry.terraform.io/hashicorp/azurerm\"]",
      "instances": [
        {
          "schema_version": 0,
          "attributes": {
            "id": "/subscriptions/a9a3e424-d5c8-41ac-b417-d6d3d3f5bc83/resourceGroups/az104-04-rg1/providers/Microsoft.Network/networkInterfaces/nic1|/subscriptions/a9a3e424-d5c8-41ac-b417-d6d3d3f5bc83/resourceGroups/az104-04-rg1/providers/Microsoft.Network/networkSecurityGroups/az104-04-nsg01",
            "network_interface_id": "/subscriptions/a9a3e424-d5c8-41ac-b417-d6d3d3f5bc83/resourceGroups/az104-04-rg1/providers/Microsoft.Network/networkInterfaces/nic1",
            "network_security_group_id": "/subscriptions/a9a3e424-d5c8-41ac-b417-d6d3d3f5bc83/resourceGroups/az104-04-rg1/providers/Microsoft.Network/networkSecurityGroups/az104-04-nsg01",
            "timeouts": null
          },
          "sensitive_attributes": [],
          "private": "eyJlMmJmYjczMC1lY2FhLTExZTYtOGY4OC0zNDM2M2JjN2M0YzAiOnsiY3JlYXRlIjoxODAwMDAwMDAwMDAwLCJkZWxldGUiOjE4MDAwMDAwMDAwMDAsInJlYWQiOjMwMDAwMDAwMDAwMCwidXBkYXRlIjoxODAwMDAwMDAwMDAwfX0=",
          "dependencies": [
            "azurerm_network_interface.nic1",
            "azurerm_network_security_group.nsg",
            "azurerm_public_ip.publicIp1",
            "azurerm_resource_group.RsGrp",
            "azurerm_subnet.subnet1",
            "azurerm_virtual_network.Vnet"
          ]
        }
      ]
    },
    {
      "mode": "managed",
      "type": "azurerm_network_security_group",
      "name": "nsg",
      "provider": "provider[\"registry.terraform.io/hashicorp/azurerm\"]",
      "instances": [
        {
          "schema_version": 0,
          "attributes": {
            "id": "/subscriptions/a9a3e424-d5c8-41ac-b417-d6d3d3f5bc83/resourceGroups/az104-04-rg1/providers/Microsoft.Network/networkSecurityGroups/az104-04-nsg01",
            "location": "eastus",
            "name": "az104-04-nsg01",
            "resource_group_name": "az104-04-rg1",
            "security_rule": [
              {
                "access": "Allow",
                "description": "",
                "destination_address_prefix": "*",
                "destination_address_prefixes": [],
                "destination_application_security_group_ids": [],
                "destination_port_range": "*",
                "destination_port_ranges": [],
                "direction": "Inbound",
                "name": "AllowRDPInBound",
                "priority": 300,
                "protocol": "TCP",
                "source_address_prefix": "*",
                "source_address_prefixes": [],
                "source_application_security_group_ids": [],
                "source_port_range": "*",
                "source_port_ranges": []
              }
            ],
            "tags": {},
            "timeouts": null
          },
          "sensitive_attributes": [],
          "private": "eyJlMmJmYjczMC1lY2FhLTExZTYtOGY4OC0zNDM2M2JjN2M0YzAiOnsiY3JlYXRlIjoxODAwMDAwMDAwMDAwLCJkZWxldGUiOjE4MDAwMDAwMDAwMDAsInJlYWQiOjMwMDAwMDAwMDAwMCwidXBkYXRlIjoxODAwMDAwMDAwMDAwfX0=",
          "dependencies": [
            "azurerm_resource_group.RsGrp"
          ]
        }
      ]
    },
    {
      "mode": "managed",
      "type": "azurerm_public_ip",
      "name": "publicIp0",
      "provider": "provider[\"registry.terraform.io/hashicorp/azurerm\"]",
      "instances": [
        {
          "schema_version": 0,
          "attributes": {
            "allocation_method": "Dynamic",
            "domain_name_label": null,
            "fqdn": null,
            "id": "/subscriptions/a9a3e424-d5c8-41ac-b417-d6d3d3f5bc83/resourceGroups/az104-04-rg1/providers/Microsoft.Network/publicIPAddresses/publicIp0",
            "idle_timeout_in_minutes": 4,
            "ip_address": "",
            "ip_tags": {},
            "ip_version": "IPv4",
            "location": "eastus",
            "name": "publicIp0",
            "public_ip_prefix_id": null,
            "resource_group_name": "az104-04-rg1",
            "reverse_fqdn": null,
            "sku": "Basic",
            "tags": {},
            "timeouts": null,
            "zones": []
          },
          "sensitive_attributes": [],
          "private": "eyJlMmJmYjczMC1lY2FhLTExZTYtOGY4OC0zNDM2M2JjN2M0YzAiOnsiY3JlYXRlIjoxODAwMDAwMDAwMDAwLCJkZWxldGUiOjE4MDAwMDAwMDAwMDAsInJlYWQiOjMwMDAwMDAwMDAwMCwidXBkYXRlIjoxODAwMDAwMDAwMDAwfX0=",
          "dependencies": [
            "azurerm_resource_group.RsGrp"
          ]
        }
      ]
    },
    {
      "mode": "managed",
      "type": "azurerm_public_ip",
      "name": "publicIp1",
      "provider": "provider[\"registry.terraform.io/hashicorp/azurerm\"]",
      "instances": [
        {
          "schema_version": 0,
          "attributes": {
            "allocation_method": "Dynamic",
            "domain_name_label": null,
            "fqdn": null,
            "id": "/subscriptions/a9a3e424-d5c8-41ac-b417-d6d3d3f5bc83/resourceGroups/az104-04-rg1/providers/Microsoft.Network/publicIPAddresses/publicIp1",
            "idle_timeout_in_minutes": 4,
            "ip_address": "",
            "ip_tags": {},
            "ip_version": "IPv4",
            "location": "eastus",
            "name": "publicIp1",
            "public_ip_prefix_id": null,
            "resource_group_name": "az104-04-rg1",
            "reverse_fqdn": null,
            "sku": "Basic",
            "tags": {},
            "timeouts": null,
            "zones": []
          },
          "sensitive_attributes": [],
          "private": "eyJlMmJmYjczMC1lY2FhLTExZTYtOGY4OC0zNDM2M2JjN2M0YzAiOnsiY3JlYXRlIjoxODAwMDAwMDAwMDAwLCJkZWxldGUiOjE4MDAwMDAwMDAwMDAsInJlYWQiOjMwMDAwMDAwMDAwMCwidXBkYXRlIjoxODAwMDAwMDAwMDAwfX0=",
          "dependencies": [
            "azurerm_resource_group.RsGrp"
          ]
        }
      ]
    },
    {
      "mode": "managed",
      "type": "azurerm_resource_group",
      "name": "RsGrp",
      "provider": "provider[\"registry.terraform.io/hashicorp/azurerm\"]",
      "instances": [
        {
          "schema_version": 0,
          "attributes": {
            "id": "/subscriptions/a9a3e424-d5c8-41ac-b417-d6d3d3f5bc83/resourceGroups/az104-04-rg1",
            "location": "eastus",
            "name": "az104-04-rg1",
            "tags": {},
            "timeouts": null
          },
          "sensitive_attributes": [],
          "private": "eyJlMmJmYjczMC1lY2FhLTExZTYtOGY4OC0zNDM2M2JjN2M0YzAiOnsiY3JlYXRlIjo1NDAwMDAwMDAwMDAwLCJkZWxldGUiOjU0MDAwMDAwMDAwMDAsInJlYWQiOjMwMDAwMDAwMDAwMCwidXBkYXRlIjo1NDAwMDAwMDAwMDAwfX0="
        }
      ]
    },
    {
      "mode": "managed",
      "type": "azurerm_subnet",
      "name": "subnet0",
      "provider": "provider[\"registry.terraform.io/hashicorp/azurerm\"]",
      "instances": [
        {
          "schema_version": 0,
          "attributes": {
            "address_prefix": "10.40.0.0/24",
            "address_prefixes": [
              "10.40.0.0/24"
            ],
            "delegation": [],
            "enforce_private_link_endpoint_network_policies": false,
            "enforce_private_link_service_network_policies": false,
            "id": "/subscriptions/a9a3e424-d5c8-41ac-b417-d6d3d3f5bc83/resourceGroups/az104-04-rg1/providers/Microsoft.Network/virtualNetworks/az104-04-vnet1/subnets/subnet0",
            "name": "subnet0",
            "resource_group_name": "az104-04-rg1",
            "service_endpoint_policy_ids": [],
            "service_endpoints": [],
            "timeouts": null,
            "virtual_network_name": "az104-04-vnet1"
          },
          "sensitive_attributes": [],
          "private": "eyJlMmJmYjczMC1lY2FhLTExZTYtOGY4OC0zNDM2M2JjN2M0YzAiOnsiY3JlYXRlIjoxODAwMDAwMDAwMDAwLCJkZWxldGUiOjE4MDAwMDAwMDAwMDAsInJlYWQiOjMwMDAwMDAwMDAwMCwidXBkYXRlIjoxODAwMDAwMDAwMDAwfX0=",
          "dependencies": [
            "azurerm_resource_group.RsGrp",
            "azurerm_virtual_network.Vnet"
          ]
        }
      ]
    },
    {
      "mode": "managed",
      "type": "azurerm_subnet",
      "name": "subnet1",
      "provider": "provider[\"registry.terraform.io/hashicorp/azurerm\"]",
      "instances": [
        {
          "schema_version": 0,
          "attributes": {
            "address_prefix": "10.40.1.0/24",
            "address_prefixes": [
              "10.40.1.0/24"
            ],
            "delegation": [],
            "enforce_private_link_endpoint_network_policies": false,
            "enforce_private_link_service_network_policies": false,
            "id": "/subscriptions/a9a3e424-d5c8-41ac-b417-d6d3d3f5bc83/resourceGroups/az104-04-rg1/providers/Microsoft.Network/virtualNetworks/az104-04-vnet1/subnets/subnet1",
            "name": "subnet1",
            "resource_group_name": "az104-04-rg1",
            "service_endpoint_policy_ids": [],
            "service_endpoints": [],
            "timeouts": null,
            "virtual_network_name": "az104-04-vnet1"
          },
          "sensitive_attributes": [],
          "private": "eyJlMmJmYjczMC1lY2FhLTExZTYtOGY4OC0zNDM2M2JjN2M0YzAiOnsiY3JlYXRlIjoxODAwMDAwMDAwMDAwLCJkZWxldGUiOjE4MDAwMDAwMDAwMDAsInJlYWQiOjMwMDAwMDAwMDAwMCwidXBkYXRlIjoxODAwMDAwMDAwMDAwfX0=",
          "dependencies": [
            "azurerm_resource_group.RsGrp",
            "azurerm_virtual_network.Vnet"
          ]
        }
      ]
    },
    {
      "mode": "managed",
      "type": "azurerm_virtual_machine",
      "name": "vm0",
      "provider": "provider[\"registry.terraform.io/hashicorp/azurerm\"]",
      "instances": [
        {
          "schema_version": 0,
          "attributes": {
            "additional_capabilities": [],
            "availability_set_id": null,
            "boot_diagnostics": [],
            "delete_data_disks_on_termination": false,
            "delete_os_disk_on_termination": false,
            "id": "/subscriptions/a9a3e424-d5c8-41ac-b417-d6d3d3f5bc83/resourceGroups/az104-04-rg1/providers/Microsoft.Compute/virtualMachines/vm0",
            "identity": [],
            "license_type": null,
            "location": "eastus",
            "name": "vm0",
            "network_interface_ids": [
              "/subscriptions/a9a3e424-d5c8-41ac-b417-d6d3d3f5bc83/resourceGroups/az104-04-rg1/providers/Microsoft.Network/networkInterfaces/nic0"
            ],
            "os_profile": [
              {
                "admin_password": "",
                "admin_username": "testadmin",
                "computer_name": "hostname",
                "custom_data": ""
              }
            ],
            "os_profile_linux_config": [
              {
                "disable_password_authentication": false,
                "ssh_keys": []
              }
            ],
            "os_profile_secrets": [],
            "os_profile_windows_config": [],
            "plan": [],
            "primary_network_interface_id": null,
            "proximity_placement_group_id": null,
            "resource_group_name": "az104-04-rg1",
            "storage_data_disk": [],
            "storage_image_reference": [
              {
                "id": "",
                "offer": "UbuntuServer",
                "publisher": "Canonical",
                "sku": "16.04-LTS",
                "version": "latest"
              }
            ],
            "storage_os_disk": [
              {
                "caching": "ReadWrite",
                "create_option": "FromImage",
                "disk_size_gb": 30,
                "image_uri": "",
                "managed_disk_id": "/subscriptions/a9a3e424-d5c8-41ac-b417-d6d3d3f5bc83/resourceGroups/az104-04-rg1/providers/Microsoft.Compute/disks/myosdisk0",
                "managed_disk_type": "Premium_LRS",
                "name": "myosdisk0",
                "os_type": "Linux",
                "vhd_uri": "",
                "write_accelerator_enabled": false
              }
            ],
            "tags": null,
            "timeouts": null,
            "vm_size": "Standard_B1ms",
            "zones": null
          },
          "sensitive_attributes": [],
          "private": "eyJlMmJmYjczMC1lY2FhLTExZTYtOGY4OC0zNDM2M2JjN2M0YzAiOnsiY3JlYXRlIjozNjAwMDAwMDAwMDAwLCJkZWxldGUiOjM2MDAwMDAwMDAwMDAsInJlYWQiOjMwMDAwMDAwMDAwMCwidXBkYXRlIjozNjAwMDAwMDAwMDAwfX0=",
          "dependencies": [
            "azurerm_network_interface.nic0",
            "azurerm_resource_group.RsGrp"
          ]
        }
      ]
    },
    {
      "mode": "managed",
      "type": "azurerm_virtual_machine",
      "name": "vm1",
      "provider": "provider[\"registry.terraform.io/hashicorp/azurerm\"]",
      "instances": [
        {
          "schema_version": 0,
          "attributes": {
            "additional_capabilities": [],
            "availability_set_id": null,
            "boot_diagnostics": [],
            "delete_data_disks_on_termination": false,
            "delete_os_disk_on_termination": false,
            "id": "/subscriptions/a9a3e424-d5c8-41ac-b417-d6d3d3f5bc83/resourceGroups/az104-04-rg1/providers/Microsoft.Compute/virtualMachines/vm1",
            "identity": [],
            "license_type": null,
            "location": "eastus",
            "name": "vm1",
            "network_interface_ids": [
              "/subscriptions/a9a3e424-d5c8-41ac-b417-d6d3d3f5bc83/resourceGroups/az104-04-rg1/providers/Microsoft.Network/networkInterfaces/nic1"
            ],
            "os_profile": [
              {
                "admin_password": "",
                "admin_username": "testadmin",
                "computer_name": "hostname",
                "custom_data": ""
              }
            ],
            "os_profile_linux_config": [
              {
                "disable_password_authentication": false,
                "ssh_keys": []
              }
            ],
            "os_profile_secrets": [],
            "os_profile_windows_config": [],
            "plan": [],
            "primary_network_interface_id": null,
            "proximity_placement_group_id": null,
            "resource_group_name": "az104-04-rg1",
            "storage_data_disk": [],
            "storage_image_reference": [
              {
                "id": "",
                "offer": "UbuntuServer",
                "publisher": "Canonical",
                "sku": "16.04-LTS",
                "version": "latest"
              }
            ],
            "storage_os_disk": [
              {
                "caching": "ReadWrite",
                "create_option": "FromImage",
                "disk_size_gb": 30,
                "image_uri": "",
                "managed_disk_id": "/subscriptions/a9a3e424-d5c8-41ac-b417-d6d3d3f5bc83/resourceGroups/az104-04-rg1/providers/Microsoft.Compute/disks/myosdisk1",
                "managed_disk_type": "Premium_LRS",
                "name": "myosdisk1",
                "os_type": "Linux",
                "vhd_uri": "",
                "write_accelerator_enabled": false
              }
            ],
            "tags": null,
            "timeouts": null,
            "vm_size": "Standard_B1ms",
            "zones": null
          },
          "sensitive_attributes": [],
          "private": "eyJlMmJmYjczMC1lY2FhLTExZTYtOGY4OC0zNDM2M2JjN2M0YzAiOnsiY3JlYXRlIjozNjAwMDAwMDAwMDAwLCJkZWxldGUiOjM2MDAwMDAwMDAwMDAsInJlYWQiOjMwMDAwMDAwMDAwMCwidXBkYXRlIjozNjAwMDAwMDAwMDAwfX0=",
          "dependencies": [
            "azurerm_network_interface.nic1",
            "azurerm_resource_group.RsGrp"
          ]
        }
      ]
    },
    {
      "mode": "managed",
      "type": "azurerm_virtual_network",
      "name": "Vnet",
      "provider": "provider[\"registry.terraform.io/hashicorp/azurerm\"]",
      "instances": [
        {
          "schema_version": 0,
          "attributes": {
            "address_space": [
              "10.40.0.0/20"
            ],
            "bgp_community": "",
            "ddos_protection_plan": [],
            "dns_servers": [],
            "guid": "c57892cb-7e9a-469a-a90e-fcd3c5b2469b",
            "id": "/subscriptions/a9a3e424-d5c8-41ac-b417-d6d3d3f5bc83/resourceGroups/az104-04-rg1/providers/Microsoft.Network/virtualNetworks/az104-04-vnet1",
            "location": "eastus",
            "name": "az104-04-vnet1",
            "resource_group_name": "az104-04-rg1",
            "subnet": [
              {
                "address_prefix": "10.40.0.0/24",
                "id": "/subscriptions/a9a3e424-d5c8-41ac-b417-d6d3d3f5bc83/resourceGroups/az104-04-rg1/providers/Microsoft.Network/virtualNetworks/az104-04-vnet1/subnets/subnet0",
                "name": "subnet0",
                "security_group": ""
              },
              {
                "address_prefix": "10.40.1.0/24",
                "id": "/subscriptions/a9a3e424-d5c8-41ac-b417-d6d3d3f5bc83/resourceGroups/az104-04-rg1/providers/Microsoft.Network/virtualNetworks/az104-04-vnet1/subnets/subnet1",
                "name": "subnet1",
                "security_group": ""
              }
            ],
            "tags": {},
            "timeouts": null,
            "vm_protection_enabled": false
          },
          "sensitive_attributes": [],
          "private": "eyJlMmJmYjczMC1lY2FhLTExZTYtOGY4OC0zNDM2M2JjN2M0YzAiOnsiY3JlYXRlIjoxODAwMDAwMDAwMDAwLCJkZWxldGUiOjE4MDAwMDAwMDAwMDAsInJlYWQiOjMwMDAwMDAwMDAwMCwidXBkYXRlIjoxODAwMDAwMDAwMDAwfX0=",
          "dependencies": [
            "azurerm_resource_group.RsGrp"
          ]
        }
      ]
    }
  ]
}
