{
  "version": 4,
  "terraform_version": "0.14.9",
  "serial": 9,
  "lineage": "2747cbeb-bd1a-4bd2-7de2-1987ef152715",
  "outputs": {},
  "resources": [
    {
      "mode": "managed",
      "type": "azurerm_linux_virtual_machine",
      "name": "vm0",
      "provider": "provider[\"registry.terraform.io/hashicorp/azurerm\"]",
      "instances": [
        {
          "schema_version": 0,
          "attributes": {
            "additional_capabilities": [],
            "admin_password": null,
            "admin_ssh_key": [
              {
                "public_key": "ssh-rsa AAAAB3NzaC1yc2EAAAADAQABAAACAQDBo+L/DpshsW6JvzBEwJYIXr9bYFJV5iNqYJ8Wq9Rkfx6T4+JlX6150mhuITsnUUhKj94LSFQnoAqhyS4yv1jd+Xz7H2pBQObG709ICKXXoQNM7MDLS3Fid+DNAxHr/2fmO5gwjcNVEzG6+6cwybn75maRioa9rk4AaqrqvUrCXpsXxvTdY/xnK0joaQCGe5nVR+0Dp9dXvKcW+OxRPsxlfzqiZiY5WWsX87+M9FsEuqLsrwSLIoD/oFAw6VsJGLcJvu6zhJdSB926WbsLdORd6sAQj/2ru9AZxxrJ6Ifubsb3NEB/gunaoB1uLgkRgMbkaLS72zFkgU4eS9Gd5OlaaX9I4x+ruYfSxGIKVhAV4gL/faB2ATC7zKAQfEdI4KXQeyczxJ669PnawduMh4RQvLzfD0qr7QwK6kuz423VYZnSFJMwwTczllaPTioqs4WPV2rHnfnuaRlb/ciuxoONcIylt8E+qRuO7QGCXOOLQcr7EgkgY9tt/fyiYrtAKriqN9nTOSxI01JeGe1f3UhglJZGxxhzvWjEvNpBWP+orVu5SIghugXDiWcqJloaXiK74D9VyLAvAGHBMcUS79HPocWgJQkfiueYJf2+RFUbVvKOATb3Hd/BObi7AkYC7u8m+Bh0nRkl/9ZYNSzG/PhIzLXh/E0fbW/dwjpdHrK/Uw== kedar.barde2002.com\r\n",
                "username": "adminuser"
              }
            ],
            "admin_username": "adminuser",
            "allow_extension_operations": true,
            "availability_set_id": "",
            "boot_diagnostics": [],
            "computer_name": "linuxvm0",
            "custom_data": null,
            "dedicated_host_id": "",
            "disable_password_authentication": true,
            "encryption_at_host_enabled": false,
            "eviction_policy": "",
            "extensions_time_budget": "PT1H30M",
            "id": "/subscriptions/d378085d-770c-47e0-94ae-a2e8c3a0bcc2/resourceGroups/linux_vm_rsgrp0/providers/Microsoft.Compute/virtualMachines/linuxvm0",
            "identity": [],
            "license_type": "",
            "location": "eastus",
            "max_bid_price": -1,
            "name": "linuxvm0",
            "network_interface_ids": [
              "/subscriptions/d378085d-770c-47e0-94ae-a2e8c3a0bcc2/resourceGroups/linux_vm_rsgrp0/providers/Microsoft.Network/networkInterfaces/linux_vm_nic0"
            ],
            "os_disk": [
              {
                "caching": "ReadWrite",
                "diff_disk_settings": [],
                "disk_encryption_set_id": "",
                "disk_size_gb": 30,
                "name": "linuxvm0_disk1_0cab9c9f55c44dcca55f489465aef0e5",
                "storage_account_type": "Standard_LRS",
                "write_accelerator_enabled": false
              }
            ],
            "plan": [],
            "platform_fault_domain": -1,
            "priority": "Regular",
            "private_ip_address": "10.40.0.4",
            "private_ip_addresses": [
              "10.40.0.4"
            ],
            "provision_vm_agent": true,
            "proximity_placement_group_id": "",
            "public_ip_address": "52.188.120.32",
            "public_ip_addresses": [
              "52.188.120.32"
            ],
            "resource_group_name": "linux_vm_rsgrp0",
            "secret": [],
            "size": "Standard_B1ms",
            "source_image_id": "",
            "source_image_reference": [
              {
                "offer": "UbuntuServer",
                "publisher": "Canonical",
                "sku": "16.04-LTS",
                "version": "latest"
              }
            ],
            "tags": null,
            "timeouts": null,
            "virtual_machine_id": "7842757a-a4ed-4ebf-9e96-ab36ca2342d8",
            "virtual_machine_scale_set_id": "",
            "zone": ""
          },
          "sensitive_attributes": [],
          "private": "eyJlMmJmYjczMC1lY2FhLTExZTYtOGY4OC0zNDM2M2JjN2M0YzAiOnsiY3JlYXRlIjoyNzAwMDAwMDAwMDAwLCJkZWxldGUiOjI3MDAwMDAwMDAwMDAsInJlYWQiOjMwMDAwMDAwMDAwMCwidXBkYXRlIjoyNzAwMDAwMDAwMDAwfX0=",
          "dependencies": [
            "azurerm_network_interface.nic0",
            "azurerm_resource_group.RsGrp"
          ]
        }
      ]
    },
    {
      "mode": "managed",
      "type": "azurerm_network_interface",
      "name": "nic0",
      "provider": "provider[\"registry.terraform.io/hashicorp/azurerm\"]",
      "instances": [
        {
          "schema_version": 0,
          "attributes": {
            "applied_dns_servers": [],
            "dns_servers": [],
            "enable_accelerated_networking": false,
            "enable_ip_forwarding": false,
            "id": "/subscriptions/d378085d-770c-47e0-94ae-a2e8c3a0bcc2/resourceGroups/linux_vm_rsgrp0/providers/Microsoft.Network/networkInterfaces/linux_vm_nic0",
            "internal_dns_name_label": "",
            "internal_domain_name_suffix": "ilcmv1qnxhrexciuski05ddcza.bx.internal.cloudapp.net",
            "ip_configuration": [
              {
                "name": "ip0",
                "primary": true,
                "private_ip_address": "10.40.0.4",
                "private_ip_address_allocation": "Static",
                "private_ip_address_version": "IPv4",
                "public_ip_address_id": "/subscriptions/d378085d-770c-47e0-94ae-a2e8c3a0bcc2/resourceGroups/linux_vm_rsgrp0/providers/Microsoft.Network/publicIPAddresses/linux_vm_publicIP0",
                "subnet_id": "/subscriptions/d378085d-770c-47e0-94ae-a2e8c3a0bcc2/resourceGroups/linux_vm_rsgrp0/providers/Microsoft.Network/virtualNetworks/linux_vm_vnet0/subnets/linux_vm_subnet0"
              }
            ],
            "location": "eastus",
            "mac_address": "",
            "name": "linux_vm_nic0",
            "private_ip_address": "10.40.0.4",
            "private_ip_addresses": [
              "10.40.0.4"
            ],
            "resource_group_name": "linux_vm_rsgrp0",
            "tags": {},
            "timeouts": null,
            "virtual_machine_id": ""
          },
          "sensitive_attributes": [],
          "private": "eyJlMmJmYjczMC1lY2FhLTExZTYtOGY4OC0zNDM2M2JjN2M0YzAiOnsiY3JlYXRlIjoxODAwMDAwMDAwMDAwLCJkZWxldGUiOjE4MDAwMDAwMDAwMDAsInJlYWQiOjMwMDAwMDAwMDAwMCwidXBkYXRlIjoxODAwMDAwMDAwMDAwfX0=",
          "dependencies": [
            "azurerm_public_ip.publicIp0",
            "azurerm_resource_group.RsGrp",
            "azurerm_subnet.subnet0",
            "azurerm_virtual_network.Vnet"
          ]
        }
      ]
    },
    {
      "mode": "managed",
      "type": "azurerm_public_ip",
      "name": "publicIp0",
      "provider": "provider[\"registry.terraform.io/hashicorp/azurerm\"]",
      "instances": [
        {
          "schema_version": 0,
          "attributes": {
            "allocation_method": "Dynamic",
            "domain_name_label": null,
            "fqdn": null,
            "id": "/subscriptions/d378085d-770c-47e0-94ae-a2e8c3a0bcc2/resourceGroups/linux_vm_rsgrp0/providers/Microsoft.Network/publicIPAddresses/linux_vm_publicIP0",
            "idle_timeout_in_minutes": 4,
            "ip_address": "",
            "ip_tags": {},
            "ip_version": "IPv4",
            "location": "eastus",
            "name": "linux_vm_publicIP0",
            "public_ip_prefix_id": null,
            "resource_group_name": "linux_vm_rsgrp0",
            "reverse_fqdn": null,
            "sku": "Basic",
            "tags": {},
            "timeouts": null,
            "zones": []
          },
          "sensitive_attributes": [],
          "private": "eyJlMmJmYjczMC1lY2FhLTExZTYtOGY4OC0zNDM2M2JjN2M0YzAiOnsiY3JlYXRlIjoxODAwMDAwMDAwMDAwLCJkZWxldGUiOjE4MDAwMDAwMDAwMDAsInJlYWQiOjMwMDAwMDAwMDAwMCwidXBkYXRlIjoxODAwMDAwMDAwMDAwfX0=",
          "dependencies": [
            "azurerm_resource_group.RsGrp"
          ]
        }
      ]
    },
    {
      "mode": "managed",
      "type": "azurerm_resource_group",
      "name": "RsGrp",
      "provider": "provider[\"registry.terraform.io/hashicorp/azurerm\"]",
      "instances": [
        {
          "schema_version": 0,
          "attributes": {
            "id": "/subscriptions/d378085d-770c-47e0-94ae-a2e8c3a0bcc2/resourceGroups/linux_vm_rsgrp0",
            "location": "eastus",
            "name": "linux_vm_rsgrp0",
            "tags": {},
            "timeouts": null
          },
          "sensitive_attributes": [],
          "private": "eyJlMmJmYjczMC1lY2FhLTExZTYtOGY4OC0zNDM2M2JjN2M0YzAiOnsiY3JlYXRlIjo1NDAwMDAwMDAwMDAwLCJkZWxldGUiOjU0MDAwMDAwMDAwMDAsInJlYWQiOjMwMDAwMDAwMDAwMCwidXBkYXRlIjo1NDAwMDAwMDAwMDAwfX0="
        }
      ]
    },
    {
      "mode": "managed",
      "type": "azurerm_subnet",
      "name": "subnet0",
      "provider": "provider[\"registry.terraform.io/hashicorp/azurerm\"]",
      "instances": [
        {
          "schema_version": 0,
          "attributes": {
            "address_prefix": "10.40.0.0/24",
            "address_prefixes": [
              "10.40.0.0/24"
            ],
            "delegation": [],
            "enforce_private_link_endpoint_network_policies": false,
            "enforce_private_link_service_network_policies": false,
            "id": "/subscriptions/d378085d-770c-47e0-94ae-a2e8c3a0bcc2/resourceGroups/linux_vm_rsgrp0/providers/Microsoft.Network/virtualNetworks/linux_vm_vnet0/subnets/linux_vm_subnet0",
            "name": "linux_vm_subnet0",
            "resource_group_name": "linux_vm_rsgrp0",
            "service_endpoint_policy_ids": [],
            "service_endpoints": [],
            "timeouts": null,
            "virtual_network_name": "linux_vm_vnet0"
          },
          "sensitive_attributes": [],
          "private": "eyJlMmJmYjczMC1lY2FhLTExZTYtOGY4OC0zNDM2M2JjN2M0YzAiOnsiY3JlYXRlIjoxODAwMDAwMDAwMDAwLCJkZWxldGUiOjE4MDAwMDAwMDAwMDAsInJlYWQiOjMwMDAwMDAwMDAwMCwidXBkYXRlIjoxODAwMDAwMDAwMDAwfX0=",
          "dependencies": [
            "azurerm_resource_group.RsGrp",
            "azurerm_virtual_network.Vnet"
          ]
        }
      ]
    },
    {
      "mode": "managed",
      "type": "azurerm_virtual_network",
      "name": "Vnet",
      "provider": "provider[\"registry.terraform.io/hashicorp/azurerm\"]",
      "instances": [
        {
          "schema_version": 0,
          "attributes": {
            "address_space": [
              "10.40.0.0/20"
            ],
            "bgp_community": "",
            "ddos_protection_plan": [],
            "dns_servers": [],
            "guid": "eecac442-b90d-4be2-8914-9291af8c62c8",
            "id": "/subscriptions/d378085d-770c-47e0-94ae-a2e8c3a0bcc2/resourceGroups/linux_vm_rsgrp0/providers/Microsoft.Network/virtualNetworks/linux_vm_vnet0",
            "location": "eastus",
            "name": "linux_vm_vnet0",
            "resource_group_name": "linux_vm_rsgrp0",
            "subnet": [
              {
                "address_prefix": "10.40.0.0/24",
                "id": "/subscriptions/d378085d-770c-47e0-94ae-a2e8c3a0bcc2/resourceGroups/linux_vm_rsgrp0/providers/Microsoft.Network/virtualNetworks/linux_vm_vnet0/subnets/linux_vm_subnet0",
                "name": "linux_vm_subnet0",
                "security_group": ""
              }
            ],
            "tags": {},
            "timeouts": null,
            "vm_protection_enabled": false
          },
          "sensitive_attributes": [],
          "private": "eyJlMmJmYjczMC1lY2FhLTExZTYtOGY4OC0zNDM2M2JjN2M0YzAiOnsiY3JlYXRlIjoxODAwMDAwMDAwMDAwLCJkZWxldGUiOjE4MDAwMDAwMDAwMDAsInJlYWQiOjMwMDAwMDAwMDAwMCwidXBkYXRlIjoxODAwMDAwMDAwMDAwfX0=",
          "dependencies": [
            "azurerm_resource_group.RsGrp"
          ]
        }
      ]
    }
  ]
}
